// !$*UTF8*$!
{
	archiveVersion = 1;
	classes = {
	};
	objectVersion = 50;
	objects = {

/* Begin PBXBuildFile section */
		842E2DAC2215AA72007C6ADC /* TableViewCell2.swift in Sources */ = {isa = PBXBuildFile; fileRef = 842E2DAB2215AA72007C6ADC /* TableViewCell2.swift */; };
		842E2DAE2215AAE9007C6ADC /* ViewModel2.swift in Sources */ = {isa = PBXBuildFile; fileRef = 842E2DAD2215AAE9007C6ADC /* ViewModel2.swift */; };
		842E2DB32215B7EA007C6ADC /* VKAppCollectionViewCell.swift in Sources */ = {isa = PBXBuildFile; fileRef = 842E2DB12215B7EA007C6ADC /* VKAppCollectionViewCell.swift */; };
		842E2DB42215B7EA007C6ADC /* VKAppCollectionViewCell.xib in Resources */ = {isa = PBXBuildFile; fileRef = 842E2DB22215B7EA007C6ADC /* VKAppCollectionViewCell.xib */; };
		842E2DB62215E53E007C6ADC /* CustomCollectionView.swift in Sources */ = {isa = PBXBuildFile; fileRef = 842E2DB52215E53E007C6ADC /* CustomCollectionView.swift */; };
		842E2DB82215E63D007C6ADC /* NewsVKViewController.swift in Sources */ = {isa = PBXBuildFile; fileRef = 842E2DB72215E63D007C6ADC /* NewsVKViewController.swift */; };
		842E2DBA2215E951007C6ADC /* CustomTableView.swift in Sources */ = {isa = PBXBuildFile; fileRef = 842E2DB92215E951007C6ADC /* CustomTableView.swift */; };
		842E2DC32216A66F007C6ADC /* LoaderUIView.swift in Sources */ = {isa = PBXBuildFile; fileRef = 842E2DC22216A66F007C6ADC /* LoaderUIView.swift */; };
		84497E50221027B1009E9334 /* AppDelegate.swift in Sources */ = {isa = PBXBuildFile; fileRef = 84497E4F221027B1009E9334 /* AppDelegate.swift */; };
		84497E55221027B1009E9334 /* Main.storyboard in Resources */ = {isa = PBXBuildFile; fileRef = 84497E53221027B1009E9334 /* Main.storyboard */; };
		84497E57221027B3009E9334 /* Assets.xcassets in Resources */ = {isa = PBXBuildFile; fileRef = 84497E56221027B3009E9334 /* Assets.xcassets */; };
		84497E5A221027B3009E9334 /* LaunchScreen.storyboard in Resources */ = {isa = PBXBuildFile; fileRef = 84497E58221027B3009E9334 /* LaunchScreen.storyboard */; };
		84497E6B22104DEC009E9334 /* MyGroupsTableViewCell.swift in Sources */ = {isa = PBXBuildFile; fileRef = 84497E6A22104DEC009E9334 /* MyGroupsTableViewCell.swift */; };
		84497E822210534D009E9334 /* LoginViewController.swift in Sources */ = {isa = PBXBuildFile; fileRef = 84497E812210534D009E9334 /* LoginViewController.swift */; };
		84497E8422105365009E9334 /* MyGroupsTableViewController.swift in Sources */ = {isa = PBXBuildFile; fileRef = 84497E8322105365009E9334 /* MyGroupsTableViewController.swift */; };
		84497E8622106470009E9334 /* FriendsTableViewController.swift in Sources */ = {isa = PBXBuildFile; fileRef = 84497E8522106470009E9334 /* FriendsTableViewController.swift */; };
		84497E8A221064A3009E9334 /* FriendsTableViewCell.swift in Sources */ = {isa = PBXBuildFile; fileRef = 84497E89221064A3009E9334 /* FriendsTableViewCell.swift */; };
		84497E8F22109229009E9334 /* FriendPhoto.swift in Sources */ = {isa = PBXBuildFile; fileRef = 84497E8E22109229009E9334 /* FriendPhoto.swift */; };
		84497E9322109289009E9334 /* FriendViewController.swift in Sources */ = {isa = PBXBuildFile; fileRef = 84497E9222109289009E9334 /* FriendViewController.swift */; };
		84497E952210A1E1009E9334 /* LikeButton.swift in Sources */ = {isa = PBXBuildFile; fileRef = 84497E942210A1E1009E9334 /* LikeButton.swift */; };
		84497E98221163DC009E9334 /* CustomView.swift in Sources */ = {isa = PBXBuildFile; fileRef = 84497E97221163DC009E9334 /* CustomView.swift */; };
		84497E9B22116450009E9334 /* VKApplicationViewModel.swift in Sources */ = {isa = PBXBuildFile; fileRef = 84497E9A22116450009E9334 /* VKApplicationViewModel.swift */; };
		84497EA2221181DF009E9334 /* GroupsVKTableViewCell.swift in Sources */ = {isa = PBXBuildFile; fileRef = 84497EA0221181DF009E9334 /* GroupsVKTableViewCell.swift */; };
		84497EA3221181DF009E9334 /* GroupsVKTableViewCell.xib in Resources */ = {isa = PBXBuildFile; fileRef = 84497EA1221181DF009E9334 /* GroupsVKTableViewCell.xib */; };
		84497EA522119944009E9334 /* VKAppHeader.swift in Sources */ = {isa = PBXBuildFile; fileRef = 84497EA422119944009E9334 /* VKAppHeader.swift */; };
		84497EA72212AF0A009E9334 /* GroupsVKViewController.swift in Sources */ = {isa = PBXBuildFile; fileRef = 84497EA62212AF0A009E9334 /* GroupsVKViewController.swift */; };
		84497EA92212C42E009E9334 /* BaseViewModel.swift in Sources */ = {isa = PBXBuildFile; fileRef = 84497EA82212C42E009E9334 /* BaseViewModel.swift */; };
/* End PBXBuildFile section */

/* Begin PBXFileReference section */
		842E2DAB2215AA72007C6ADC /* TableViewCell2.swift */ = {isa = PBXFileReference; lastKnownFileType = sourcecode.swift; path = TableViewCell2.swift; sourceTree = "<group>"; };
		842E2DAD2215AAE9007C6ADC /* ViewModel2.swift */ = {isa = PBXFileReference; lastKnownFileType = sourcecode.swift; path = ViewModel2.swift; sourceTree = "<group>"; };
		842E2DB12215B7EA007C6ADC /* VKAppCollectionViewCell.swift */ = {isa = PBXFileReference; lastKnownFileType = sourcecode.swift; path = VKAppCollectionViewCell.swift; sourceTree = "<group>"; };
		842E2DB22215B7EA007C6ADC /* VKAppCollectionViewCell.xib */ = {isa = PBXFileReference; lastKnownFileType = file.xib; path = VKAppCollectionViewCell.xib; sourceTree = "<group>"; };
		842E2DB52215E53E007C6ADC /* CustomCollectionView.swift */ = {isa = PBXFileReference; lastKnownFileType = sourcecode.swift; path = CustomCollectionView.swift; sourceTree = "<group>"; };
		842E2DB72215E63D007C6ADC /* NewsVKViewController.swift */ = {isa = PBXFileReference; lastKnownFileType = sourcecode.swift; path = NewsVKViewController.swift; sourceTree = "<group>"; };
		842E2DB92215E951007C6ADC /* CustomTableView.swift */ = {isa = PBXFileReference; lastKnownFileType = sourcecode.swift; path = CustomTableView.swift; sourceTree = "<group>"; };
		842E2DC22216A66F007C6ADC /* LoaderUIView.swift */ = {isa = PBXFileReference; lastKnownFileType = sourcecode.swift; path = LoaderUIView.swift; sourceTree = "<group>"; };
		84497E4C221027B1009E9334 /* VKApp.app */ = {isa = PBXFileReference; explicitFileType = wrapper.application; includeInIndex = 0; path = VKApp.app; sourceTree = BUILT_PRODUCTS_DIR; };
		84497E4F221027B1009E9334 /* AppDelegate.swift */ = {isa = PBXFileReference; lastKnownFileType = sourcecode.swift; path = AppDelegate.swift; sourceTree = "<group>"; };
		84497E54221027B1009E9334 /* Base */ = {isa = PBXFileReference; lastKnownFileType = file.storyboard; name = Base; path = Base.lproj/Main.storyboard; sourceTree = "<group>"; };
		84497E56221027B3009E9334 /* Assets.xcassets */ = {isa = PBXFileReference; lastKnownFileType = folder.assetcatalog; path = Assets.xcassets; sourceTree = "<group>"; };
		84497E59221027B3009E9334 /* Base */ = {isa = PBXFileReference; lastKnownFileType = file.storyboard; name = Base; path = Base.lproj/LaunchScreen.storyboard; sourceTree = "<group>"; };
		84497E5B221027B3009E9334 /* Info.plist */ = {isa = PBXFileReference; lastKnownFileType = text.plist.xml; path = Info.plist; sourceTree = "<group>"; };
		84497E6A22104DEC009E9334 /* MyGroupsTableViewCell.swift */ = {isa = PBXFileReference; lastKnownFileType = sourcecode.swift; path = MyGroupsTableViewCell.swift; sourceTree = "<group>"; };
		84497E812210534D009E9334 /* LoginViewController.swift */ = {isa = PBXFileReference; lastKnownFileType = sourcecode.swift; path = LoginViewController.swift; sourceTree = "<group>"; };
		84497E8322105365009E9334 /* MyGroupsTableViewController.swift */ = {isa = PBXFileReference; lastKnownFileType = sourcecode.swift; path = MyGroupsTableViewController.swift; sourceTree = "<group>"; };
		84497E8522106470009E9334 /* FriendsTableViewController.swift */ = {isa = PBXFileReference; lastKnownFileType = sourcecode.swift; path = FriendsTableViewController.swift; sourceTree = "<group>"; };
		84497E89221064A3009E9334 /* FriendsTableViewCell.swift */ = {isa = PBXFileReference; lastKnownFileType = sourcecode.swift; path = FriendsTableViewCell.swift; sourceTree = "<group>"; };
		84497E8E22109229009E9334 /* FriendPhoto.swift */ = {isa = PBXFileReference; lastKnownFileType = sourcecode.swift; path = FriendPhoto.swift; sourceTree = "<group>"; };
		84497E9222109289009E9334 /* FriendViewController.swift */ = {isa = PBXFileReference; lastKnownFileType = sourcecode.swift; path = FriendViewController.swift; sourceTree = "<group>"; };
		84497E942210A1E1009E9334 /* LikeButton.swift */ = {isa = PBXFileReference; lastKnownFileType = sourcecode.swift; path = LikeButton.swift; sourceTree = "<group>"; };
		84497E97221163DC009E9334 /* CustomView.swift */ = {isa = PBXFileReference; lastKnownFileType = sourcecode.swift; path = CustomView.swift; sourceTree = "<group>"; };
		84497E9A22116450009E9334 /* VKApplicationViewModel.swift */ = {isa = PBXFileReference; lastKnownFileType = sourcecode.swift; path = VKApplicationViewModel.swift; sourceTree = "<group>"; };
		84497EA0221181DF009E9334 /* GroupsVKTableViewCell.swift */ = {isa = PBXFileReference; lastKnownFileType = sourcecode.swift; path = GroupsVKTableViewCell.swift; sourceTree = "<group>"; };
		84497EA1221181DF009E9334 /* GroupsVKTableViewCell.xib */ = {isa = PBXFileReference; lastKnownFileType = file.xib; path = GroupsVKTableViewCell.xib; sourceTree = "<group>"; };
		84497EA422119944009E9334 /* VKAppHeader.swift */ = {isa = PBXFileReference; lastKnownFileType = sourcecode.swift; path = VKAppHeader.swift; sourceTree = "<group>"; };
		84497EA62212AF0A009E9334 /* GroupsVKViewController.swift */ = {isa = PBXFileReference; lastKnownFileType = sourcecode.swift; path = GroupsVKViewController.swift; sourceTree = "<group>"; };
		84497EA82212C42E009E9334 /* BaseViewModel.swift */ = {isa = PBXFileReference; lastKnownFileType = sourcecode.swift; path = BaseViewModel.swift; sourceTree = "<group>"; };
/* End PBXFileReference section */

/* Begin PBXFrameworksBuildPhase section */
		84497E49221027B1009E9334 /* Frameworks */ = {
			isa = PBXFrameworksBuildPhase;
			buildActionMask = 2147483647;
			files = (
			);
			runOnlyForDeploymentPostprocessing = 0;
		};
/* End PBXFrameworksBuildPhase section */

/* Begin PBXGroup section */
		842E2DC12216A580007C6ADC /* Loader */ = {
			isa = PBXGroup;
			children = (
				842E2DC22216A66F007C6ADC /* LoaderUIView.swift */,
			);
			path = Loader;
			sourceTree = "<group>";
		};
		84497E43221027B1009E9334 = {
			isa = PBXGroup;
			children = (
				84497E4E221027B1009E9334 /* VKApp */,
				84497E4D221027B1009E9334 /* Products */,
			);
			sourceTree = "<group>";
		};
		84497E4D221027B1009E9334 /* Products */ = {
			isa = PBXGroup;
			children = (
				84497E4C221027B1009E9334 /* VKApp.app */,
			);
			name = Products;
			sourceTree = "<group>";
		};
		84497E4E221027B1009E9334 /* VKApp */ = {
			isa = PBXGroup;
			children = (
				84497E4F221027B1009E9334 /* AppDelegate.swift */,
				84497E53221027B1009E9334 /* Main.storyboard */,
				84497E56221027B3009E9334 /* Assets.xcassets */,
				84497E58221027B3009E9334 /* LaunchScreen.storyboard */,
				84497E5B221027B3009E9334 /* Info.plist */,
				842E2DC12216A580007C6ADC /* Loader */,
				84497E96221163A4009E9334 /* CustomView */,
				84497E8D22108FE1009E9334 /* Views */,
				84497E652210496A009E9334 /* Cells */,
				84497E7A2210523C009E9334 /* Controllers */,
			);
			path = VKApp;
			sourceTree = "<group>";
		};
		84497E652210496A009E9334 /* Cells */ = {
			isa = PBXGroup;
			children = (
				84497E6A22104DEC009E9334 /* MyGroupsTableViewCell.swift */,
				84497E89221064A3009E9334 /* FriendsTableViewCell.swift */,
				84497EA0221181DF009E9334 /* GroupsVKTableViewCell.swift */,
				84497EA1221181DF009E9334 /* GroupsVKTableViewCell.xib */,
				842E2DAB2215AA72007C6ADC /* TableViewCell2.swift */,
				842E2DB12215B7EA007C6ADC /* VKAppCollectionViewCell.swift */,
				842E2DB22215B7EA007C6ADC /* VKAppCollectionViewCell.xib */,
			);
			path = Cells;
			sourceTree = "<group>";
		};
		84497E7A2210523C009E9334 /* Controllers */ = {
			isa = PBXGroup;
			children = (
				84497E8322105365009E9334 /* MyGroupsTableViewController.swift */,
				84497E812210534D009E9334 /* LoginViewController.swift */,
				84497E8522106470009E9334 /* FriendsTableViewController.swift */,
				84497E9222109289009E9334 /* FriendViewController.swift */,
				84497EA62212AF0A009E9334 /* GroupsVKViewController.swift */,
				84497EA422119944009E9334 /* VKAppHeader.swift */,
				84497EA82212C42E009E9334 /* BaseViewModel.swift */,
				842E2DB72215E63D007C6ADC /* NewsVKViewController.swift */,
			);
			path = Controllers;
			sourceTree = "<group>";
		};
		84497E8D22108FE1009E9334 /* Views */ = {
			isa = PBXGroup;
			children = (
				84497E8E22109229009E9334 /* FriendPhoto.swift */,
				84497E942210A1E1009E9334 /* LikeButton.swift */,
			);
			path = Views;
			sourceTree = "<group>";
		};
		84497E96221163A4009E9334 /* CustomView */ = {
			isa = PBXGroup;
			children = (
				84497E9922116405009E9334 /* ViewModel */,
				84497E97221163DC009E9334 /* CustomView.swift */,
				842E2DB52215E53E007C6ADC /* CustomCollectionView.swift */,
				842E2DB92215E951007C6ADC /* CustomTableView.swift */,
			);
			path = CustomView;
			sourceTree = "<group>";
		};
		84497E9922116405009E9334 /* ViewModel */ = {
			isa = PBXGroup;
			children = (
				84497E9A22116450009E9334 /* VKApplicationViewModel.swift */,
				842E2DAD2215AAE9007C6ADC /* ViewModel2.swift */,
			);
			path = ViewModel;
			sourceTree = "<group>";
		};
/* End PBXGroup section */

/* Begin PBXNativeTarget section */
		84497E4B221027B1009E9334 /* VKApp */ = {
			isa = PBXNativeTarget;
			buildConfigurationList = 84497E5E221027B3009E9334 /* Build configuration list for PBXNativeTarget "VKApp" */;
			buildPhases = (
				84497E48221027B1009E9334 /* Sources */,
				84497E49221027B1009E9334 /* Frameworks */,
				84497E4A221027B1009E9334 /* Resources */,
			);
			buildRules = (
			);
			dependencies = (
			);
			name = VKApp;
			productName = VKApp;
			productReference = 84497E4C221027B1009E9334 /* VKApp.app */;
			productType = "com.apple.product-type.application";
		};
/* End PBXNativeTarget section */

/* Begin PBXProject section */
		84497E44221027B1009E9334 /* Project object */ = {
			isa = PBXProject;
			attributes = {
				LastSwiftUpdateCheck = 1010;
				LastUpgradeCheck = 1010;
				ORGANIZATIONNAME = admin;
				TargetAttributes = {
					84497E4B221027B1009E9334 = {
						CreatedOnToolsVersion = 10.1;
					};
				};
			};
			buildConfigurationList = 84497E47221027B1009E9334 /* Build configuration list for PBXProject "VKApp" */;
			compatibilityVersion = "Xcode 9.3";
			developmentRegion = en;
			hasScannedForEncodings = 0;
			knownRegions = (
				en,
				Base,
			);
			mainGroup = 84497E43221027B1009E9334;
			productRefGroup = 84497E4D221027B1009E9334 /* Products */;
			projectDirPath = "";
			projectRoot = "";
			targets = (
				84497E4B221027B1009E9334 /* VKApp */,
			);
		};
/* End PBXProject section */

/* Begin PBXResourcesBuildPhase section */
		84497E4A221027B1009E9334 /* Resources */ = {
			isa = PBXResourcesBuildPhase;
			buildActionMask = 2147483647;
			files = (
				84497E5A221027B3009E9334 /* LaunchScreen.storyboard in Resources */,
				84497E57221027B3009E9334 /* Assets.xcassets in Resources */,
				842E2DB42215B7EA007C6ADC /* VKAppCollectionViewCell.xib in Resources */,
				84497EA3221181DF009E9334 /* GroupsVKTableViewCell.xib in Resources */,
				84497E55221027B1009E9334 /* Main.storyboard in Resources */,
			);
			runOnlyForDeploymentPostprocessing = 0;
		};
/* End PBXResourcesBuildPhase section */

/* Begin PBXSourcesBuildPhase section */
		84497E48221027B1009E9334 /* Sources */ = {
			isa = PBXSourcesBuildPhase;
			buildActionMask = 2147483647;
			files = (
				84497E8A221064A3009E9334 /* FriendsTableViewCell.swift in Sources */,
				84497E9B22116450009E9334 /* VKApplicationViewModel.swift in Sources */,
				842E2DB62215E53E007C6ADC /* CustomCollectionView.swift in Sources */,
				84497EA2221181DF009E9334 /* GroupsVKTableViewCell.swift in Sources */,
				84497E8422105365009E9334 /* MyGroupsTableViewController.swift in Sources */,
				842E2DAC2215AA72007C6ADC /* TableViewCell2.swift in Sources */,
				84497E952210A1E1009E9334 /* LikeButton.swift in Sources */,
				84497EA72212AF0A009E9334 /* GroupsVKViewController.swift in Sources */,
				84497EA522119944009E9334 /* VKAppHeader.swift in Sources */,
				84497E50221027B1009E9334 /* AppDelegate.swift in Sources */,
				84497E822210534D009E9334 /* LoginViewController.swift in Sources */,
				842E2DBA2215E951007C6ADC /* CustomTableView.swift in Sources */,
				84497E8F22109229009E9334 /* FriendPhoto.swift in Sources */,
				84497E8622106470009E9334 /* FriendsTableViewController.swift in Sources */,
				84497EA92212C42E009E9334 /* BaseViewModel.swift in Sources */,
				842E2DC32216A66F007C6ADC /* LoaderUIView.swift in Sources */,
				842E2DB32215B7EA007C6ADC /* VKAppCollectionViewCell.swift in Sources */,
				84497E98221163DC009E9334 /* CustomView.swift in Sources */,
				842E2DAE2215AAE9007C6ADC /* ViewModel2.swift in Sources */,
				84497E9322109289009E9334 /* FriendViewController.swift in Sources */,
				842E2DB82215E63D007C6ADC /* NewsVKViewController.swift in Sources */,
				84497E6B22104DEC009E9334 /* MyGroupsTableViewCell.swift in Sources */,
			);
			runOnlyForDeploymentPostprocessing = 0;
		};
/* End PBXSourcesBuildPhase section */

/* Begin PBXVariantGroup section */
		84497E53221027B1009E9334 /* Main.storyboard */ = {
			isa = PBXVariantGroup;
			children = (
				84497E54221027B1009E9334 /* Base */,
			);
			name = Main.storyboard;
			sourceTree = "<group>";
		};
		84497E58221027B3009E9334 /* LaunchScreen.storyboard */ = {
			isa = PBXVariantGroup;
			children = (
				84497E59221027B3009E9334 /* Base */,
			);
			name = LaunchScreen.storyboard;
			sourceTree = "<group>";
		};
/* End PBXVariantGroup section */

/* Begin XCBuildConfiguration section */
		84497E5C221027B3009E9334 /* Debug */ = {
			isa = XCBuildConfiguration;
			buildSettings = {
				ALWAYS_SEARCH_USER_PATHS = NO;
				CLANG_ANALYZER_NONNULL = YES;
				CLANG_ANALYZER_NUMBER_OBJECT_CONVERSION = YES_AGGRESSIVE;
				CLANG_CXX_LANGUAGE_STANDARD = "gnu++14";
				CLANG_CXX_LIBRARY = "libc++";
				CLANG_ENABLE_MODULES = YES;
				CLANG_ENABLE_OBJC_ARC = YES;
				CLANG_ENABLE_OBJC_WEAK = YES;
				CLANG_WARN_BLOCK_CAPTURE_AUTORELEASING = YES;
				CLANG_WARN_BOOL_CONVERSION = YES;
				CLANG_WARN_COMMA = YES;
				CLANG_WARN_CONSTANT_CONVERSION = YES;
				CLANG_WARN_DEPRECATED_OBJC_IMPLEMENTATIONS = YES;
				CLANG_WARN_DIRECT_OBJC_ISA_USAGE = YES_ERROR;
				CLANG_WARN_DOCUMENTATION_COMMENTS = YES;
				CLANG_WARN_EMPTY_BODY = YES;
				CLANG_WARN_ENUM_CONVERSION = YES;
				CLANG_WARN_INFINITE_RECURSION = YES;
				CLANG_WARN_INT_CONVERSION = YES;
				CLANG_WARN_NON_LITERAL_NULL_CONVERSION = YES;
				CLANG_WARN_OBJC_IMPLICIT_RETAIN_SELF = YES;
				CLANG_WARN_OBJC_LITERAL_CONVERSION = YES;
				CLANG_WARN_OBJC_ROOT_CLASS = YES_ERROR;
				CLANG_WARN_RANGE_LOOP_ANALYSIS = YES;
				CLANG_WARN_STRICT_PROTOTYPES = YES;
				CLANG_WARN_SUSPICIOUS_MOVE = YES;
				CLANG_WARN_UNGUARDED_AVAILABILITY = YES_AGGRESSIVE;
				CLANG_WARN_UNREACHABLE_CODE = YES;
				CLANG_WARN__DUPLICATE_METHOD_MATCH = YES;
				CODE_SIGN_IDENTITY = "iPhone Developer";
				COPY_PHASE_STRIP = NO;
				DEBUG_INFORMATION_FORMAT = dwarf;
				ENABLE_STRICT_OBJC_MSGSEND = YES;
				ENABLE_TESTABILITY = YES;
				GCC_C_LANGUAGE_STANDARD = gnu11;
				GCC_DYNAMIC_NO_PIC = NO;
				GCC_NO_COMMON_BLOCKS = YES;
				GCC_OPTIMIZATION_LEVEL = 0;
				GCC_PREPROCESSOR_DEFINITIONS = (
					"DEBUG=1",
					"$(inherited)",
				);
				GCC_WARN_64_TO_32_BIT_CONVERSION = YES;
				GCC_WARN_ABOUT_RETURN_TYPE = YES_ERROR;
				GCC_WARN_UNDECLARED_SELECTOR = YES;
				GCC_WARN_UNINITIALIZED_AUTOS = YES_AGGRESSIVE;
				GCC_WARN_UNUSED_FUNCTION = YES;
				GCC_WARN_UNUSED_VARIABLE = YES;
				IPHONEOS_DEPLOYMENT_TARGET = 12.1;
				MTL_ENABLE_DEBUG_INFO = INCLUDE_SOURCE;
				MTL_FAST_MATH = YES;
				ONLY_ACTIVE_ARCH = YES;
				SDKROOT = iphoneos;
				SWIFT_ACTIVE_COMPILATION_CONDITIONS = DEBUG;
				SWIFT_OPTIMIZATION_LEVEL = "-Onone";
			};
			name = Debug;
		};
		84497E5D221027B3009E9334 /* Release */ = {
			isa = XCBuildConfiguration;
			buildSettings = {
				ALWAYS_SEARCH_USER_PATHS = NO;
				CLANG_ANALYZER_NONNULL = YES;
				CLANG_ANALYZER_NUMBER_OBJECT_CONVERSION = YES_AGGRESSIVE;
				CLANG_CXX_LANGUAGE_STANDARD = "gnu++14";
				CLANG_CXX_LIBRARY = "libc++";
				CLANG_ENABLE_MODULES = YES;
				CLANG_ENABLE_OBJC_ARC = YES;
				CLANG_ENABLE_OBJC_WEAK = YES;
				CLANG_WARN_BLOCK_CAPTURE_AUTORELEASING = YES;
				CLANG_WARN_BOOL_CONVERSION = YES;
				CLANG_WARN_COMMA = YES;
				CLANG_WARN_CONSTANT_CONVERSION = YES;
				CLANG_WARN_DEPRECATED_OBJC_IMPLEMENTATIONS = YES;
				CLANG_WARN_DIRECT_OBJC_ISA_USAGE = YES_ERROR;
				CLANG_WARN_DOCUMENTATION_COMMENTS = YES;
				CLANG_WARN_EMPTY_BODY = YES;
				CLANG_WARN_ENUM_CONVERSION = YES;
				CLANG_WARN_INFINITE_RECURSION = YES;
				CLANG_WARN_INT_CONVERSION = YES;
				CLANG_WARN_NON_LITERAL_NULL_CONVERSION = YES;
				CLANG_WARN_OBJC_IMPLICIT_RETAIN_SELF = YES;
				CLANG_WARN_OBJC_LITERAL_CONVERSION = YES;
				CLANG_WARN_OBJC_ROOT_CLASS = YES_ERROR;
				CLANG_WARN_RANGE_LOOP_ANALYSIS = YES;
				CLANG_WARN_STRICT_PROTOTYPES = YES;
				CLANG_WARN_SUSPICIOUS_MOVE = YES;
				CLANG_WARN_UNGUARDED_AVAILABILITY = YES_AGGRESSIVE;
				CLANG_WARN_UNREACHABLE_CODE = YES;
				CLANG_WARN__DUPLICATE_METHOD_MATCH = YES;
				CODE_SIGN_IDENTITY = "iPhone Developer";
				COPY_PHASE_STRIP = NO;
				DEBUG_INFORMATION_FORMAT = "dwarf-with-dsym";
				ENABLE_NS_ASSERTIONS = NO;
				ENABLE_STRICT_OBJC_MSGSEND = YES;
				GCC_C_LANGUAGE_STANDARD = gnu11;
				GCC_NO_COMMON_BLOCKS = YES;
				GCC_WARN_64_TO_32_BIT_CONVERSION = YES;
				GCC_WARN_ABOUT_RETURN_TYPE = YES_ERROR;
				GCC_WARN_UNDECLARED_SELECTOR = YES;
				GCC_WARN_UNINITIALIZED_AUTOS = YES_AGGRESSIVE;
				GCC_WARN_UNUSED_FUNCTION = YES;
				GCC_WARN_UNUSED_VARIABLE = YES;
				IPHONEOS_DEPLOYMENT_TARGET = 12.1;
				MTL_ENABLE_DEBUG_INFO = NO;
				MTL_FAST_MATH = YES;
				SDKROOT = iphoneos;
				SWIFT_COMPILATION_MODE = wholemodule;
				SWIFT_OPTIMIZATION_LEVEL = "-O";
				VALIDATE_PRODUCT = YES;
			};
			name = Release;
		};
		84497E5F221027B3009E9334 /* Debug */ = {
			isa = XCBuildConfiguration;
			buildSettings = {
				CODE_SIGN_STYLE = Automatic;
				DEVELOPMENT_TEAM = 9TSL5SP95A;
				INFOPLIST_FILE = VKApp/Info.plist;
				LD_RUNPATH_SEARCH_PATHS = (
					"$(inherited)",
					"@executable_path/Frameworks",
				);
				PRODUCT_BUNDLE_IDENTIFIER = adm.VKApp;
				PRODUCT_NAME = "$(TARGET_NAME)";
				SWIFT_VERSION = 4.2;
				TARGETED_DEVICE_FAMILY = "1,2";
			};
			name = Debug;
		};
		84497E60221027B3009E9334 /* Release */ = {
			isa = XCBuildConfiguration;
			buildSettings = {
				CODE_SIGN_STYLE = Automatic;
				DEVELOPMENT_TEAM = 9TSL5SP95A;
				INFOPLIST_FILE = VKApp/Info.plist;
				LD_RUNPATH_SEARCH_PATHS = (
					"$(inherited)",
					"@executable_path/Frameworks",
				);
				PRODUCT_BUNDLE_IDENTIFIER = adm.VKApp;
				PRODUCT_NAME = "$(TARGET_NAME)";
				SWIFT_VERSION = 4.2;
				TARGETED_DEVICE_FAMILY = "1,2";
			};
			name = Release;
		};
/* End XCBuildConfiguration section */

/* Begin XCConfigurationList section */
		84497E47221027B1009E9334 /* Build configuration list for PBXProject "VKApp" */ = {
			isa = XCConfigurationList;
			buildConfigurations = (
				84497E5C221027B3009E9334 /* Debug */,
				84497E5D221027B3009E9334 /* Release */,
			);
			defaultConfigurationIsVisible = 0;
			defaultConfigurationName = Release;
		};
		84497E5E221027B3009E9334 /* Build configuration list for PBXNativeTarget "VKApp" */ = {
			isa = XCConfigurationList;
			buildConfigurations = (
				84497E5F221027B3009E9334 /* Debug */,
				84497E60221027B3009E9334 /* Release */,
			);
			defaultConfigurationIsVisible = 0;
			defaultConfigurationName = Release;
		};
/* End XCConfigurationList section */
	};
	rootObject = 84497E44221027B1009E9334 /* Project object */;
}
